
Microsoft Visual Studio Solution File, Format Version 12.00
# Visual Studio Version 16
VisualStudioVersion = 16.0.31005.135
MinimumVisualStudioVersion = 10.0.40219.1
Project("{8BC9CEB8-8B4A-11D0-8D11-00A0C91BC942}") = "graphs", "graphs.vcxproj", "{D29046C1-B06A-4630-8FD2-244863821C72}"
EndProject
Project("{8BC9CEB8-8B4A-11D0-8D11-00A0C91BC942}") = "TestGraphs", "..\TestGraphs\TestGraphs.vcxproj", "{F5980B0F-E90C-498A-B601-8B1A924E5899}"
EndProject
Global
	GlobalSection(SolutionConfigurationPlatforms) = preSolution
		Debug|x64 = Debug|x64
		Debug|x86 = Debug|x86
		Release|x64 = Release|x64
		Release|x86 = Release|x86
	EndGlobalSection
	GlobalSection(ProjectConfigurationPlatforms) = postSolution
		{D29046C1-B06A-4630-8FD2-244863821C72}.Debug|x64.ActiveCfg = Debug|x64
		{D29046C1-B06A-4630-8FD2-244863821C72}.Debug|x64.Build.0 = Debug|x64
		{D29046C1-B06A-4630-8FD2-244863821C72}.Debug|x86.ActiveCfg = Debug|Win32
		{D29046C1-B06A-4630-8FD2-244863821C72}.Debug|x86.Build.0 = Debug|Win32
		{D29046C1-B06A-4630-8FD2-244863821C72}.Release|x64.ActiveCfg = Release|x64
		{D29046C1-B06A-4630-8FD2-244863821C72}.Release|x64.Build.0 = Release|x64
		{D29046C1-B06A-4630-8FD2-244863821C72}.Release|x86.ActiveCfg = Release|Win32
		{D29046C1-B06A-4630-8FD2-244863821C72}.Release|x86.Build.0 = Release|Win32
		{F5980B0F-E90C-498A-B601-8B1A924E5899}.Debug|x64.ActiveCfg = Debug|x64
		{F5980B0F-E90C-498A-B601-8B1A924E5899}.Debug|x64.Build.0 = Debug|x64
		{F5980B0F-E90C-498A-B601-8B1A924E5899}.Debug|x86.ActiveCfg = Debug|Win32
		{F5980B0F-E90C-498A-B601-8B1A924E5899}.Debug|x86.Build.0 = Debug|Win32
		{F5980B0F-E90C-498A-B601-8B1A924E5899}.Release|x64.ActiveCfg = Release|x64
		{F5980B0F-E90C-498A-B601-8B1A924E5899}.Release|x64.Build.0 = Release|x64
		{F5980B0F-E90C-498A-B601-8B1A924E5899}.Release|x86.ActiveCfg = Release|Win32
		{F5980B0F-E90C-498A-B601-8B1A924E5899}.Release|x86.Build.0 = Release|Win32
	EndGlobalSection
	GlobalSection(SolutionProperties) = preSolution
		HideSolutionNode = FALSE
	EndGlobalSection
	GlobalSection(ExtensibilityGlobals) = postSolution
		SolutionGuid = {2D7AB0EF-5D7E-40F7-AE6A-6B3B34D4392B}
	EndGlobalSection
EndGlobal
